
Microsoft Visual Studio Solution File, Format Version 12.00
# Visual Studio 15
VisualStudioVersion = 15.0.28307.106
MinimumVisualStudioVersion = 10.0.40219.1
Project("{9A19103F-16F7-4668-BE54-9A1E7A4F7556}") = "UI.ConsoleApp", "UI.ConsoleApp\UI.ConsoleApp.csproj", "{97B33F89-3A8E-44D7-999E-EA6844C2C07C}"
EndProject
Project("{9A19103F-16F7-4668-BE54-9A1E7A4F7556}") = "PizzaPalace.Testing", "PizzaPalace.Testing\PizzaPalace.Testing.csproj", "{C3F27ADB-7D02-4CDC-8063-E40C4A73F405}"
EndProject
Project("{9A19103F-16F7-4668-BE54-9A1E7A4F7556}") = "PizzaPalace.Library", "PizzaPalace.Library\PizzaPalace.Library.csproj", "{DC503DBF-152D-4496-A04A-06D888E90397}"
EndProject
Project("{FAE04EC0-301F-11D3-BF4B-00C04F79EFBC}") = "PizzaPalace.DataAccess", "PizzaPalaceDataAccess\PizzaPalace.DataAccess.csproj", "{C2636911-32C3-4137-AEF2-B0794B7CE5EF}"
EndProject
Global
	GlobalSection(SolutionConfigurationPlatforms) = preSolution
		Debug|Any CPU = Debug|Any CPU
		Release|Any CPU = Release|Any CPU
	EndGlobalSection
	GlobalSection(ProjectConfigurationPlatforms) = postSolution
		{97B33F89-3A8E-44D7-999E-EA6844C2C07C}.Debug|Any CPU.ActiveCfg = Debug|Any CPU
		{97B33F89-3A8E-44D7-999E-EA6844C2C07C}.Debug|Any CPU.Build.0 = Debug|Any CPU
		{97B33F89-3A8E-44D7-999E-EA6844C2C07C}.Release|Any CPU.ActiveCfg = Release|Any CPU
		{97B33F89-3A8E-44D7-999E-EA6844C2C07C}.Release|Any CPU.Build.0 = Release|Any CPU
		{C3F27ADB-7D02-4CDC-8063-E40C4A73F405}.Debug|Any CPU.ActiveCfg = Debug|Any CPU
		{C3F27ADB-7D02-4CDC-8063-E40C4A73F405}.Debug|Any CPU.Build.0 = Debug|Any CPU
		{C3F27ADB-7D02-4CDC-8063-E40C4A73F405}.Release|Any CPU.ActiveCfg = Release|Any CPU
		{C3F27ADB-7D02-4CDC-8063-E40C4A73F405}.Release|Any CPU.Build.0 = Release|Any CPU
		{DC503DBF-152D-4496-A04A-06D888E90397}.Debug|Any CPU.ActiveCfg = Debug|Any CPU
		{DC503DBF-152D-4496-A04A-06D888E90397}.Debug|Any CPU.Build.0 = Debug|Any CPU
		{DC503DBF-152D-4496-A04A-06D888E90397}.Release|Any CPU.ActiveCfg = Release|Any CPU
		{DC503DBF-152D-4496-A04A-06D888E90397}.Release|Any CPU.Build.0 = Release|Any CPU
		{C2636911-32C3-4137-AEF2-B0794B7CE5EF}.Debug|Any CPU.ActiveCfg = Debug|Any CPU
		{C2636911-32C3-4137-AEF2-B0794B7CE5EF}.Debug|Any CPU.Build.0 = Debug|Any CPU
		{C2636911-32C3-4137-AEF2-B0794B7CE5EF}.Release|Any CPU.ActiveCfg = Release|Any CPU
		{C2636911-32C3-4137-AEF2-B0794B7CE5EF}.Release|Any CPU.Build.0 = Release|Any CPU
	EndGlobalSection
	GlobalSection(SolutionProperties) = preSolution
		HideSolutionNode = FALSE
	EndGlobalSection
	GlobalSection(ExtensibilityGlobals) = postSolution
		SolutionGuid = {9840F365-C50F-405B-9EC7-9FEB77BE0A5B}
	EndGlobalSection
EndGlobal
